hash: caa207a0b0fdae97520e6f5d594c3eb73b40d31b0905386bf58dc897f03e4e54
updated: 2024-06-28T21:34:28.611169567-07:00
packages:
- package: libc6
  version: 2.39-0ubuntu8.2
  url: http://us.archive.ubuntu.com/ubuntu/pool/main/g/glibc/libc6_2.39-0ubuntu8.2_amd64.deb
  hash: 6000384ac05bad21893ecf2a2c259e7858f2c73dbaceb76c86c7d45f2f4c0b7b
- package: libc6
  version: 2.39-0ubuntu8.2
  url: http://us.archive.ubuntu.com/ubuntu/pool/main/g/glibc/libc6_2.39-0ubuntu8.2_i386.deb
  hash: 8f399936c079698d340ce0c1ae411f773a8d8f4dbdbefda52c7e12439d42d6a9
- package: libc6
  version: 2.39-0ubuntu8.2
  url: http://us.ports.ubuntu.com/ubuntu-ports/pool/main/g/glibc/libc6_2.39-0ubuntu8.2_arm64.deb
  hash: 4cc5d2a1f9e8d9341325d6a430ce12b51420ccce037124d0494bb8a074229149
- package: libc6
  version: 2.39-0ubuntu8.2
  url: http://us.ports.ubuntu.com/ubuntu-ports/pool/main/g/glibc/libc6_2.39-0ubuntu8.2_armhf.deb
  hash: f8e7b719cda056c251460fe0689fd0fe3e0c7ae945d3183a3ebd8b35d1513ad6
- package: libc6
  version: 2.39-0ubuntu8.2
  url: http://us.ports.ubuntu.com/ubuntu-ports/pool/main/g/glibc/libc6_2.39-0ubuntu8.2_riscv64.deb
  hash: 2316509fddccccf0ede2101f2b7c31fdbe6e118de173a54059c655c9c3e12b7a
- package: libc6-dev
  version: 2.39-0ubuntu8.2
  url: http://us.archive.ubuntu.com/ubuntu/pool/main/g/glibc/libc6-dev_2.39-0ubuntu8.2_amd64.deb
  hash: 73617b82b4f6526dd4687cfada593b47c0fce32358637e0398a3450f2a83e1be
- package: libc6-dev
  version: 2.39-0ubuntu8.2
  url: http://us.archive.ubuntu.com/ubuntu/pool/main/g/glibc/libc6-dev_2.39-0ubuntu8.2_i386.deb
  hash: bc53a0dc8b027c76ea03dd4eaebdff6bb2142deb0fa57f3b389f95a84a32e43b
- package: libc6-dev
  version: 2.39-0ubuntu8.2
  url: http://us.ports.ubuntu.com/ubuntu-ports/pool/main/g/glibc/libc6-dev_2.39-0ubuntu8.2_arm64.deb
  hash: 47bf1c5e10f6574395847604849d0207bd1cc770300e468a2f3ba57ed19ed1ea
- package: libc6-dev
  version: 2.39-0ubuntu8.2
  url: http://us.ports.ubuntu.com/ubuntu-ports/pool/main/g/glibc/libc6-dev_2.39-0ubuntu8.2_armhf.deb
  hash: d4bdfd724e2d8a69e5711fe3068b6af4ad74ed00b2356135196e444b5c31f42c
- package: libc6-dev
  version: 2.39-0ubuntu8.2
  url: http://us.ports.ubuntu.com/ubuntu-ports/pool/main/g/glibc/libc6-dev_2.39-0ubuntu8.2_riscv64.deb
  hash: 9bddce23d129ed171156f99ef98fb8e38ebe52fed7cf38199834c97863d65c80
- package: libgl1-mesa-dev
  version: 24.0.5-1ubuntu1
  url: http://us.archive.ubuntu.com/ubuntu/pool/main/m/mesa/libgl1-mesa-dev_24.0.5-1ubuntu1_amd64.deb
  hash: 555b846eb90eb6a67b427e5ee1f663c8ff0637b3f648c93fff60e86b4f3d14ef
- package: libgl1-mesa-dev
  version: 24.0.5-1ubuntu1
  url: http://us.archive.ubuntu.com/ubuntu/pool/main/m/mesa/libgl1-mesa-dev_24.0.5-1ubuntu1_i386.deb
  hash: 2f3288664cdaee5d7d93f5d6a02564a1ec34269747a7fc5b96cf56fa8b2b0d90
- package: libgl1-mesa-dev
  version: 24.0.5-1ubuntu1
  url: http://us.ports.ubuntu.com/ubuntu-ports/pool/main/m/mesa/libgl1-mesa-dev_24.0.5-1ubuntu1_arm64.deb
  hash: 12a353c7028d0a1b353f792d807bb4666243ae83bddec8237580a4eb29d2e9e8
- package: libgl1-mesa-dev
  version: 24.0.5-1ubuntu1
  url: http://us.ports.ubuntu.com/ubuntu-ports/pool/main/m/mesa/libgl1-mesa-dev_24.0.5-1ubuntu1_armhf.deb
  hash: 2ae6822656aeaa02210b947a485cf097db009555961bc01cbd1a0c291b82655b
- package: libgl1-mesa-dev
  version: 24.0.5-1ubuntu1
  url: http://us.ports.ubuntu.com/ubuntu-ports/pool/main/m/mesa/libgl1-mesa-dev_24.0.5-1ubuntu1_riscv64.deb
  hash: 57d20a962e11c9a17e03a77fa958bedfe739451ca5da86bac999117a467f6567
- package: libglapi-mesa
  version: 24.0.5-1ubuntu1
  url: http://us.archive.ubuntu.com/ubuntu/pool/main/m/mesa/libglapi-mesa_24.0.5-1ubuntu1_amd64.deb
  hash: 28191867c3a68d59aca31755789328d28960223127b05db6a46b7e8f5646a495
- package: libglapi-mesa
  version: 24.0.5-1ubuntu1
  url: http://us.archive.ubuntu.com/ubuntu/pool/main/m/mesa/libglapi-mesa_24.0.5-1ubuntu1_i386.deb
  hash: 331fa2a5a2e7539f54021534ab6a019e9248a7f9378e00fee14066d0aab3d330
- package: libglapi-mesa
  version: 24.0.5-1ubuntu1
  url: http://us.ports.ubuntu.com/ubuntu-ports/pool/main/m/mesa/libglapi-mesa_24.0.5-1ubuntu1_arm64.deb
  hash: 42842b92db5ca5744cf5b216fd9819aea984b78c8a5264ad1d71cdc999ee2326
- package: libglapi-mesa
  version: 24.0.5-1ubuntu1
  url: http://us.ports.ubuntu.com/ubuntu-ports/pool/main/m/mesa/libglapi-mesa_24.0.5-1ubuntu1_armhf.deb
  hash: 39ebac9abab1bd29393020fa0a965a1596972f369bed1a2a5cfaf4e642675226
- package: libglapi-mesa
  version: 24.0.5-1ubuntu1
  url: http://us.ports.ubuntu.com/ubuntu-ports/pool/main/m/mesa/libglapi-mesa_24.0.5-1ubuntu1_riscv64.deb
  hash: 2aea95b9cbfb135d5539b55bc94e8a6aa1103bbb62591731bcb6cf4c9923e8c9
- package: libglu1-mesa
  version: 9.0.2-1.1build1
  url: http://us.archive.ubuntu.com/ubuntu/pool/main/libg/libglu/libglu1-mesa_9.0.2-1.1build1_amd64.deb
  hash: 4288833eebfbf6b00d1ae98159f429e1f7f6398288c9305edeeb185d9ed048d9
- package: libglu1-mesa
  version: 9.0.2-1.1build1
  url: http://us.archive.ubuntu.com/ubuntu/pool/main/libg/libglu/libglu1-mesa_9.0.2-1.1build1_i386.deb
  hash: 821e6c785925a61353a1c987bf8410a9b6d2cd64b1cc310d1ff6fa7a871b55dc
- package: libglu1-mesa
  version: 9.0.2-1.1build1
  url: http://us.ports.ubuntu.com/ubuntu-ports/pool/main/libg/libglu/libglu1-mesa_9.0.2-1.1build1_arm64.deb
  hash: aa490c240223285223d1acc974488b1c317460273eb0d767607e4ca62432a5b1
- package: libglu1-mesa
  version: 9.0.2-1.1build1
  url: http://us.ports.ubuntu.com/ubuntu-ports/pool/main/libg/libglu/libglu1-mesa_9.0.2-1.1build1_armhf.deb
  hash: a45a29fee83815024bb68415bcdd8fbbcba6ce0c4852d978ed85c407d4120608
- package: libglu1-mesa
  version: 9.0.2-1.1build1
  url: http://us.ports.ubuntu.com/ubuntu-ports/pool/main/libg/libglu/libglu1-mesa_9.0.2-1.1build1_riscv64.deb
  hash: b2ee5ae6d7798964538fbcc80715460796c20112f2498db6e9fc411a4b238869
- package: libglu1-mesa-dev
  version: 9.0.2-1.1build1
  url: http://us.archive.ubuntu.com/ubuntu/pool/main/libg/libglu/libglu1-mesa-dev_9.0.2-1.1build1_amd64.deb
  hash: d1dcb06e6e09645e9ba0a3f6cab4f732a5c7bf72728032be0b41fa6c0932a396
- package: libglu1-mesa-dev
  version: 9.0.2-1.1build1
  url: http://us.archive.ubuntu.com/ubuntu/pool/main/libg/libglu/libglu1-mesa-dev_9.0.2-1.1build1_i386.deb
  hash: 20a8ace8f2fad3d8c55d9f4d5a50899893b1ff5698507ac7441bfe98b27f53c4
- package: libglu1-mesa-dev
  version: 9.0.2-1.1build1
  url: http://us.ports.ubuntu.com/ubuntu-ports/pool/main/libg/libglu/libglu1-mesa-dev_9.0.2-1.1build1_arm64.deb
  hash: bfbb1c7cde2e124e5c8e3ecd56981c3403af4dd77b85b2e58718268967914112
- package: libglu1-mesa-dev
  version: 9.0.2-1.1build1
  url: http://us.ports.ubuntu.com/ubuntu-ports/pool/main/libg/libglu/libglu1-mesa-dev_9.0.2-1.1build1_armhf.deb
  hash: 46a9daf522f2358a8ebf028cfbfcb69dc008fbd7341d4362c41b1e8979ea029d
- package: libglu1-mesa-dev
  version: 9.0.2-1.1build1
  url: http://us.ports.ubuntu.com/ubuntu-ports/pool/main/libg/libglu/libglu1-mesa-dev_9.0.2-1.1build1_riscv64.deb
  hash: bc4288d7184c644978a4a8a30afe824051a2c90619325a5bd076804c8bba74c4
- package: libx11-6
  version: 2:1.8.7-1build1
  url: http://us.archive.ubuntu.com/ubuntu/pool/main/libx/libx11/libx11-6_1.8.7-1build1_amd64.deb
  hash: 397f84347476a3c5786b39f3ff6f0f82866eb3d8be6d2ad3efeadf019efe5b80
- package: libx11-6
  version: 2:1.8.7-1build1
  url: http://us.archive.ubuntu.com/ubuntu/pool/main/libx/libx11/libx11-6_1.8.7-1build1_i386.deb
  hash: 78ea31581e66ad59209dffced25628f973431ecc4cc6f45541084933c7b5d2b4
- package: libx11-6
  version: 2:1.8.7-1build1
  url: http://us.ports.ubuntu.com/ubuntu-ports/pool/main/libx/libx11/libx11-6_1.8.7-1build1_arm64.deb
  hash: 16d10ae5d27f1a0feb054001ff2b213b51acd29894f86ff088c31eebeba65fe3
- package: libx11-6
  version: 2:1.8.7-1build1
  url: http://us.ports.ubuntu.com/ubuntu-ports/pool/main/libx/libx11/libx11-6_1.8.7-1build1_armhf.deb
  hash: 67257f720eee7a25f7d4ed9c3c1ab070de1404452377c8cc59bd51df09ea50f5
- package: libx11-6
  version: 2:1.8.7-1build1
  url: http://us.ports.ubuntu.com/ubuntu-ports/pool/main/libx/libx11/libx11-6_1.8.7-1build1_riscv64.deb
  hash: c2c78146ba720861e0ae7a06db000799285353d7f1e20105a392dfb1c31293ca
- package: libx11-dev
  version: 2:1.8.7-1build1
  url: http://us.archive.ubuntu.com/ubuntu/pool/main/libx/libx11/libx11-dev_1.8.7-1build1_amd64.deb
  hash: 1969e200607ffe34070b92fe1bd3ba76ac2e2bd2f3a54530800c5872076fad24
- package: libx11-dev
  version: 2:1.8.7-1build1
  url: http://us.archive.ubuntu.com/ubuntu/pool/main/libx/libx11/libx11-dev_1.8.7-1build1_i386.deb
  hash: 15808977fbbf47dd3fdad880da895c33f11becc6ce5b4a99c37f2725c57358c8
- package: libx11-dev
  version: 2:1.8.7-1build1
  url: http://us.ports.ubuntu.com/ubuntu-ports/pool/main/libx/libx11/libx11-dev_1.8.7-1build1_arm64.deb
  hash: 69b028d3917aae9fb44b2c56aa94739c7a1711afd3c86ccc7117dbf63a91c3c3
- package: libx11-dev
  version: 2:1.8.7-1build1
  url: http://us.ports.ubuntu.com/ubuntu-ports/pool/main/libx/libx11/libx11-dev_1.8.7-1build1_armhf.deb
  hash: 46c189f30c8a3424039fb82f3c76d9f8cb5b57f6bb51064a4edc8fa0bf882032
- package: libx11-dev
  version: 2:1.8.7-1build1
  url: http://us.ports.ubuntu.com/ubuntu-ports/pool/main/libx/libx11/libx11-dev_1.8.7-1build1_riscv64.deb
  hash: 0def31a854a87b8034f9365bebdb89d22a872fa3c0e3b65cf11f27d83196704c
- package: libx11-xcb-dev
  version: 2:1.8.7-1build1
  url: http://us.archive.ubuntu.com/ubuntu/pool/main/libx/libx11/libx11-xcb-dev_1.8.7-1build1_amd64.deb
  hash: 2939612cbe9a628ca123570718bd3183dd4b85d6080eee2af5996ab107f5931d
- package: libx11-xcb-dev
  version: 2:1.8.7-1build1
  url: http://us.archive.ubuntu.com/ubuntu/pool/main/libx/libx11/libx11-xcb-dev_1.8.7-1build1_i386.deb
  hash: c88da46d1d5ca7ee7d4316a9ec1f2fd3c6c822a3e9d24008933ec5eb18d1381f
- package: libx11-xcb-dev
  version: 2:1.8.7-1build1
  url: http://us.ports.ubuntu.com/ubuntu-ports/pool/main/libx/libx11/libx11-xcb-dev_1.8.7-1build1_arm64.deb
  hash: 1c065ab50359cc3ad3880999fb75175552bb3f69a92006658b97979ca96f739a
- package: libx11-xcb-dev
  version: 2:1.8.7-1build1
  url: http://us.ports.ubuntu.com/ubuntu-ports/pool/main/libx/libx11/libx11-xcb-dev_1.8.7-1build1_armhf.deb
  hash: 7eb3b4f8e87722d76336918bb9a41d810265f82c40ae5b258b51c0c4762c417e
- package: libx11-xcb-dev
  version: 2:1.8.7-1build1
  url: http://us.ports.ubuntu.com/ubuntu-ports/pool/main/libx/libx11/libx11-xcb-dev_1.8.7-1build1_riscv64.deb
  hash: e3e5bfff23541673e25d1e042284a14b0decb3a6b1ea1351cc0263bf4655658e
- package: libx11-xcb1
  version: 2:1.8.7-1build1
  url: http://us.archive.ubuntu.com/ubuntu/pool/main/libx/libx11/libx11-xcb1_1.8.7-1build1_amd64.deb
  hash: 7d0d357e47cd6e1042be34da1d37cea313420b000035e71e855087c8268ab127
- package: libx11-xcb1
  version: 2:1.8.7-1build1
  url: http://us.archive.ubuntu.com/ubuntu/pool/main/libx/libx11/libx11-xcb1_1.8.7-1build1_i386.deb
  hash: 39d5bfd95061f84fe1c416a0f430a86f75e0a2cd02ac6c133b084b46f01edd67
- package: libx11-xcb1
  version: 2:1.8.7-1build1
  url: http://us.ports.ubuntu.com/ubuntu-ports/pool/main/libx/libx11/libx11-xcb1_1.8.7-1build1_arm64.deb
  hash: 3e900fac4bb54a117dd80f2a01ac9a2ab9519b4af1ec3607e1b6258e4b23f9ea
- package: libx11-xcb1
  version: 2:1.8.7-1build1
  url: http://us.ports.ubuntu.com/ubuntu-ports/pool/main/libx/libx11/libx11-xcb1_1.8.7-1build1_armhf.deb
  hash: cb96224da0db544357a87ddfd2cf65a15c810d8d7fef90bc7a2aae2f07004164
- package: libx11-xcb1
  version: 2:1.8.7-1build1
  url: http://us.ports.ubuntu.com/ubuntu-ports/pool/main/libx/libx11/libx11-xcb1_1.8.7-1build1_riscv64.deb
  hash: 6a65004883fbc19259d430d7648508736eb015f07b7d2dfd48b73c4ab85f889b
- package: libxau-dev
  version: 1:1.0.9-1build6
  url: http://us.archive.ubuntu.com/ubuntu/pool/main/libx/libxau/libxau-dev_1.0.9-1build6_amd64.deb
  hash: 46783c6af2d87c06394d55dfaa21dac07396f13cfc5ea6afbd9313ab49fc0e50
- package: libxau-dev
  version: 1:1.0.9-1build6
  url: http://us.archive.ubuntu.com/ubuntu/pool/main/libx/libxau/libxau-dev_1.0.9-1build6_i386.deb
  hash: cdcef48a8596600d8dac79561419f1532a08f4a24f16278d09c5f335735df87e
- package: libxau-dev
  version: 1:1.0.9-1build6
  url: http://us.ports.ubuntu.com/ubuntu-ports/pool/main/libx/libxau/libxau-dev_1.0.9-1build6_arm64.deb
  hash: 246ffb5b49c3d26b243fe4ce18777815484112c64f167ef37cf48b805a6a4ca2
- package: libxau-dev
  version: 1:1.0.9-1build6
  url: http://us.ports.ubuntu.com/ubuntu-ports/pool/main/libx/libxau/libxau-dev_1.0.9-1build6_armhf.deb
  hash: dee4fcca9a0d29bb4c29e08eb93028aff06e40ee0014b8cc1c2cbb6dbd2b36b8
- package: libxau-dev
  version: 1:1.0.9-1build6
  url: http://us.ports.ubuntu.com/ubuntu-ports/pool/main/libx/libxau/libxau-dev_1.0.9-1build6_riscv64.deb
  hash: 04bcf847a549c9e2faa460b57b50fd6e9bac1042244d4adbaeb659c3a1da85d3
- package: libxau6
  version: 1:1.0.9-1build6
  url: http://us.archive.ubuntu.com/ubuntu/pool/main/libx/libxau/libxau6_1.0.9-1build6_amd64.deb
  hash: e40d29f1d1a62393bacaedebe0da3d9006084152a9f7e5e029293f08ce1c5c80
- package: libxau6
  version: 1:1.0.9-1build6
  url: http://us.archive.ubuntu.com/ubuntu/pool/main/libx/libxau/libxau6_1.0.9-1build6_i386.deb
  hash: 66b2ef74e7f620af6d1f82df8bb31ebedb9b1b5d0a454395eaf2a633d4e9d933
- package: libxau6
  version: 1:1.0.9-1build6
  url: http://us.ports.ubuntu.com/ubuntu-ports/pool/main/libx/libxau/libxau6_1.0.9-1build6_arm64.deb
  hash: 348d0732ff9571f95d6ff18373a93e827bfe00474d792ef5e9071e6dd618605c
- package: libxau6
  version: 1:1.0.9-1build6
  url: http://us.ports.ubuntu.com/ubuntu-ports/pool/main/libx/libxau/libxau6_1.0.9-1build6_armhf.deb
  hash: 4d81e8801496288d9e32fce7fc06bd6b17f25a18e929d4236987d3f8c52bf2a3
- package: libxau6
  version: 1:1.0.9-1build6
  url: http://us.ports.ubuntu.com/ubuntu-ports/pool/main/libx/libxau/libxau6_1.0.9-1build6_riscv64.deb
  hash: affed2a6a7bcf789f2cad0cfe48dad6fb4e8ecf5147bdea99136f6df7b01b9d1
- package: libxcb-shm0
  version: 1.15-1ubuntu2
  url: http://us.archive.ubuntu.com/ubuntu/pool/main/libx/libxcb/libxcb-shm0_1.15-1ubuntu2_amd64.deb
  hash: 229d1280d459f1ba44c22939d3f9b61d9d20932d9a646b3fe4ce50be4cdf2325
- package: libxcb-shm0
  version: 1.15-1ubuntu2
  url: http://us.archive.ubuntu.com/ubuntu/pool/main/libx/libxcb/libxcb-shm0_1.15-1ubuntu2_i386.deb
  hash: 40db3f28814f8a7c2d418b0654db41db8930429cf91b2c3c27ef1ac31bbcdcec
- package: libxcb-shm0
  version: 1.15-1ubuntu2
  url: http://us.ports.ubuntu.com/ubuntu-ports/pool/main/libx/libxcb/libxcb-shm0_1.15-1ubuntu2_arm64.deb
  hash: 1d3f59159910a43ec798a0bf467ca2f78d1f9e1351ac04fb8d3db8469d4a516c
- package: libxcb-shm0
  version: 1.15-1ubuntu2
  url: http://us.ports.ubuntu.com/ubuntu-ports/pool/main/libx/libxcb/libxcb-shm0_1.15-1ubuntu2_armhf.deb
  hash: dbe9be57fceee45e989fa6f04d230dfe2cc467ccecee193f0b4e8630d8f8ad96
- package: libxcb-shm0
  version: 1.15-1ubuntu2
  url: http://us.ports.ubuntu.com/ubuntu-ports/pool/main/libx/libxcb/libxcb-shm0_1.15-1ubuntu2_riscv64.deb
  hash: bae29f1192860f9f44ccfc43d784c0e40f540e663a6f65cc0ab6f60101f5852b
- package: libxcb-shm0-dev
  version: 1.15-1ubuntu2
  url: http://us.archive.ubuntu.com/ubuntu/pool/main/libx/libxcb/libxcb-shm0-dev_1.15-1ubuntu2_amd64.deb
  hash: e1417055e2b1c252180288f016b67470e33228c00cdc9f841eaca0fe21204c23
- package: libxcb-shm0-dev
  version: 1.15-1ubuntu2
  url: http://us.archive.ubuntu.com/ubuntu/pool/main/libx/libxcb/libxcb-shm0-dev_1.15-1ubuntu2_i386.deb
  hash: cea32163686a44fc573f58a72cd11019516f7b367eb422dc2dc1e2e2924fd29f
- package: libxcb-shm0-dev
  version: 1.15-1ubuntu2
  url: http://us.ports.ubuntu.com/ubuntu-ports/pool/main/libx/libxcb/libxcb-shm0-dev_1.15-1ubuntu2_arm64.deb
  hash: 3a90523bfffd1c72f4f369c70fc57c0aac9fba37fa4c408ec6a376a2d93f3cd5
- package: libxcb-shm0-dev
  version: 1.15-1ubuntu2
  url: http://us.ports.ubuntu.com/ubuntu-ports/pool/main/libx/libxcb/libxcb-shm0-dev_1.15-1ubuntu2_armhf.deb
  hash: 219ba6afccc33d154313075e265d97372b9ccb9e9816b8d4baf031636354722f
- package: libxcb-shm0-dev
  version: 1.15-1ubuntu2
  url: http://us.ports.ubuntu.com/ubuntu-ports/pool/main/libx/libxcb/libxcb-shm0-dev_1.15-1ubuntu2_riscv64.deb
  hash: 6ddacca924f3458d047912911f31938ee404668d4041064c917c07d837797863
- package: libxcb1
  version: 1.15-1ubuntu2
  url: http://us.archive.ubuntu.com/ubuntu/pool/main/libx/libxcb/libxcb1_1.15-1ubuntu2_amd64.deb
  hash: e1c6611d11ad7398326f1bf028afc34c3b14c51d917a3426b966ed4b9687fa58
- package: libxcb1
  version: 1.15-1ubuntu2
  url: http://us.archive.ubuntu.com/ubuntu/pool/main/libx/libxcb/libxcb1_1.15-1ubuntu2_i386.deb
  hash: 08dded33339c6792c3069982a1216a2d3e8d3210d20f011eff8fffeae1ae417e
- package: libxcb1
  version: 1.15-1ubuntu2
  url: http://us.ports.ubuntu.com/ubuntu-ports/pool/main/libx/libxcb/libxcb1_1.15-1ubuntu2_arm64.deb
  hash: 5483e5d19bbfa28e961d951645944e7763e943262ac17e216b2870d83597f319
- package: libxcb1
  version: 1.15-1ubuntu2
  url: http://us.ports.ubuntu.com/ubuntu-ports/pool/main/libx/libxcb/libxcb1_1.15-1ubuntu2_armhf.deb
  hash: baedbfacb55cfa645471106cab52a066a123f52e9d670f2516c2902e271a3fa2
- package: libxcb1
  version: 1.15-1ubuntu2
  url: http://us.ports.ubuntu.com/ubuntu-ports/pool/main/libx/libxcb/libxcb1_1.15-1ubuntu2_riscv64.deb
  hash: 7bcfcfc48d3b92b5b67790fc60b325c01d970023ef556ab961f74cd5d41722e2
- package: libxcb1-dev
  version: 1.15-1ubuntu2
  url: http://us.archive.ubuntu.com/ubuntu/pool/main/libx/libxcb/libxcb1-dev_1.15-1ubuntu2_amd64.deb
  hash: 1bafe3432feafc9e57f858721da524dfb3ee1f6fc4ef6b0c73023e79eadb9c28
- package: libxcb1-dev
  version: 1.15-1ubuntu2
  url: http://us.archive.ubuntu.com/ubuntu/pool/main/libx/libxcb/libxcb1-dev_1.15-1ubuntu2_i386.deb
  hash: 1dc4d16cc7098c55bdc9a9330c3bd68419f78c26e90582eebb54439451e7befb
- package: libxcb1-dev
  version: 1.15-1ubuntu2
  url: http://us.ports.ubuntu.com/ubuntu-ports/pool/main/libx/libxcb/libxcb1-dev_1.15-1ubuntu2_arm64.deb
  hash: 10f2f12652c1825df1158c80ce3715c2cf48eddb0d3a102191b0c5974a15bc1d
- package: libxcb1-dev
  version: 1.15-1ubuntu2
  url: http://us.ports.ubuntu.com/ubuntu-ports/pool/main/libx/libxcb/libxcb1-dev_1.15-1ubuntu2_armhf.deb
  hash: 676e2873e673eb9a6b16ce8596abbdebb156f04f989ac77308239e11dbfd788e
- package: libxcb1-dev
  version: 1.15-1ubuntu2
  url: http://us.ports.ubuntu.com/ubuntu-ports/pool/main/libx/libxcb/libxcb1-dev_1.15-1ubuntu2_riscv64.deb
  hash: 018a8fb4cf55d1e791b5b24b5cdd665b9c9d9dbcd37d95fc6d492a9e83eb9c3d
- package: libxcursor-dev
  version: 1:1.2.1-1build1
  url: http://us.archive.ubuntu.com/ubuntu/pool/main/libx/libxcursor/libxcursor-dev_1.2.1-1build1_amd64.deb
  hash: f49821ee3023c74dd5a612881d44bcc0ed4f08723124e7e56b57ad615e8e240e
- package: libxcursor-dev
  version: 1:1.2.1-1build1
  url: http://us.archive.ubuntu.com/ubuntu/pool/main/libx/libxcursor/libxcursor-dev_1.2.1-1build1_i386.deb
  hash: 11f9efe86fd53e8acdcfbaacc73a80f77cc9846e31dfe9f36b5c3e4452fd8991
- package: libxcursor-dev
  version: 1:1.2.1-1build1
  url: http://us.ports.ubuntu.com/ubuntu-ports/pool/main/libx/libxcursor/libxcursor-dev_1.2.1-1build1_arm64.deb
  hash: 1421a6ae484c903f859c5158346755b2c344871f39a10c848136e91d374bbb56
- package: libxcursor-dev
  version: 1:1.2.1-1build1
  url: http://us.ports.ubuntu.com/ubuntu-ports/pool/main/libx/libxcursor/libxcursor-dev_1.2.1-1build1_armhf.deb
  hash: 82b4f0efd80d392fa0de3bd248522915e87714c849d4c64539ab5a350d8ed742
- package: libxcursor-dev
  version: 1:1.2.1-1build1
  url: http://us.ports.ubuntu.com/ubuntu-ports/pool/main/libx/libxcursor/libxcursor-dev_1.2.1-1build1_riscv64.deb
  hash: 1d0e435622ec09173681eb79970cc334e32df9fc6e72225d461a2ac154fd6e56
- package: libxcursor1
  version: 1:1.2.1-1build1
  url: http://us.archive.ubuntu.com/ubuntu/pool/main/libx/libxcursor/libxcursor1_1.2.1-1build1_amd64.deb
  hash: 1a4beee621454e42fe0d2f4e1633611126e43d891f0aec28e4a06744f6e9f04d
- package: libxcursor1
  version: 1:1.2.1-1build1
  url: http://us.archive.ubuntu.com/ubuntu/pool/main/libx/libxcursor/libxcursor1_1.2.1-1build1_i386.deb
  hash: 45f05053b5af477273d3bb76fb7dfa03ba1f865ca376d15aad0a57a6327b7b31
- package: libxcursor1
  version: 1:1.2.1-1build1
  url: http://us.ports.ubuntu.com/ubuntu-ports/pool/main/libx/libxcursor/libxcursor1_1.2.1-1build1_arm64.deb
  hash: c059273cab51ca26f4776ce169dbfa8d4a442ea15fd1e478b0683156eb430e6b
- package: libxcursor1
  version: 1:1.2.1-1build1
  url: http://us.ports.ubuntu.com/ubuntu-ports/pool/main/libx/libxcursor/libxcursor1_1.2.1-1build1_armhf.deb
  hash: 98cfcb952fa552f617745f2129784d487bb661c95dd881966d112905eaeff168
- package: libxcursor1
  version: 1:1.2.1-1build1
  url: http://us.ports.ubuntu.com/ubuntu-ports/pool/main/libx/libxcursor/libxcursor1_1.2.1-1build1_riscv64.deb
  hash: fdd5ea30df3df9e45e8b3f4cd5143753e7bac9897f5637b902f98d4371762a22
- package: libxdmcp-dev
  version: 1:1.1.3-0ubuntu6
  url: http://us.archive.ubuntu.com/ubuntu/pool/main/libx/libxdmcp/libxdmcp-dev_1.1.3-0ubuntu6_amd64.deb
  hash: ba2f2230b391c292f5f399d6e04d48181be6b3100556f7870591ca95c9d00667
- package: libxdmcp-dev
  version: 1:1.1.3-0ubuntu6
  url: http://us.archive.ubuntu.com/ubuntu/pool/main/libx/libxdmcp/libxdmcp-dev_1.1.3-0ubuntu6_i386.deb
  hash: 35468c3274d3f973445877edac71a6363121bbad6464bd788aefb7aecf40434f
- package: libxdmcp-dev
  version: 1:1.1.3-0ubuntu6
  url: http://us.ports.ubuntu.com/ubuntu-ports/pool/main/libx/libxdmcp/libxdmcp-dev_1.1.3-0ubuntu6_arm64.deb
  hash: dcbc325116fd8c91188a7dc7118dbfe8948ef349f337fbcc1a57e97d42139ac5
- package: libxdmcp-dev
  version: 1:1.1.3-0ubuntu6
  url: http://us.ports.ubuntu.com/ubuntu-ports/pool/main/libx/libxdmcp/libxdmcp-dev_1.1.3-0ubuntu6_armhf.deb
  hash: 9d8c7e7e8505edf39adef2cb35d1dc75b88c88331ea3e042ec8effb17b9c49f1
- package: libxdmcp-dev
  version: 1:1.1.3-0ubuntu6
  url: http://us.ports.ubuntu.com/ubuntu-ports/pool/main/libx/libxdmcp/libxdmcp-dev_1.1.3-0ubuntu6_riscv64.deb
  hash: 2628437f47d1bd2c3b996b7aa41cf3dc90ecd48126d50b17bb2c3989ebb99f8d
- package: libxdmcp6
  version: 1:1.1.3-0ubuntu6
  url: http://us.archive.ubuntu.com/ubuntu/pool/main/libx/libxdmcp/libxdmcp6_1.1.3-0ubuntu6_amd64.deb
  hash: bcd336fce11ce2a45f34d0f95e6980af22529f22147e8f98c156e5cee8ee42bb
- package: libxdmcp6
  version: 1:1.1.3-0ubuntu6
  url: http://us.archive.ubuntu.com/ubuntu/pool/main/libx/libxdmcp/libxdmcp6_1.1.3-0ubuntu6_i386.deb
  hash: 467e2c3bc89c0fe8cc2df824c918ffdfe99a15c5cee3878b46ba854782364967
- package: libxdmcp6
  version: 1:1.1.3-0ubuntu6
  url: http://us.ports.ubuntu.com/ubuntu-ports/pool/main/libx/libxdmcp/libxdmcp6_1.1.3-0ubuntu6_arm64.deb
  hash: 6b96dbbae4e515ac8f32d6dacfcb6afd1266118400a85ae7cb3f887895017f53
- package: libxdmcp6
  version: 1:1.1.3-0ubuntu6
  url: http://us.ports.ubuntu.com/ubuntu-ports/pool/main/libx/libxdmcp/libxdmcp6_1.1.3-0ubuntu6_armhf.deb
  hash: aeb7d8134e5421b21478801186774f51be0c5b95f5671aa654f83df301a93401
- package: libxdmcp6
  version: 1:1.1.3-0ubuntu6
  url: http://us.ports.ubuntu.com/ubuntu-ports/pool/main/libx/libxdmcp/libxdmcp6_1.1.3-0ubuntu6_riscv64.deb
  hash: 4618f268dcfe37ad077326ab1241845edf217b24bb44c62ca546728274c6590f
- package: libxext-dev
  version: 2:1.3.4-1build2
  url: http://us.archive.ubuntu.com/ubuntu/pool/main/libx/libxext/libxext-dev_1.3.4-1build2_amd64.deb
  hash: b5bdb6724f228cb8eee8cf39cbbe1289dd3f8f06dd022748312df7844c94dcf2
- package: libxext-dev
  version: 2:1.3.4-1build2
  url: http://us.archive.ubuntu.com/ubuntu/pool/main/libx/libxext/libxext-dev_1.3.4-1build2_i386.deb
  hash: 462d45a4b51277fc318e8ff4ac1f5b5ed36602427883bd97bd3f5adb8de4a266
- package: libxext-dev
  version: 2:1.3.4-1build2
  url: http://us.ports.ubuntu.com/ubuntu-ports/pool/main/libx/libxext/libxext-dev_1.3.4-1build2_arm64.deb
  hash: 570434025b9ec5d99f72acee82c35d46e4f576c5034a802270d06794574ea0ff
- package: libxext-dev
  version: 2:1.3.4-1build2
  url: http://us.ports.ubuntu.com/ubuntu-ports/pool/main/libx/libxext/libxext-dev_1.3.4-1build2_armhf.deb
  hash: be868a56e49e68a96b6841fc82cfb97ed4a774d2f1e22c218dc8e8b2f7bf6197
- package: libxext-dev
  version: 2:1.3.4-1build2
  url: http://us.ports.ubuntu.com/ubuntu-ports/pool/main/libx/libxext/libxext-dev_1.3.4-1build2_riscv64.deb
  hash: dd7abc2bcb3f583b663b3058840c8fdcf6888b2f5b1e01651f0b7d6f09bf28a4
- package: libxext6
  version: 2:1.3.4-1build2
  url: http://us.archive.ubuntu.com/ubuntu/pool/main/libx/libxext/libxext6_1.3.4-1build2_amd64.deb
  hash: 45783969a9ece9d7b7b733b8c60981584c53c6bc5ee3b42d295d2f80d1285679
- package: libxext6
  version: 2:1.3.4-1build2
  url: http://us.archive.ubuntu.com/ubuntu/pool/main/libx/libxext/libxext6_1.3.4-1build2_i386.deb
  hash: 9b101f93ec404abe53430db891c025f72d0d6b9bdc849ca9576b1edb71a1e994
- package: libxext6
  version: 2:1.3.4-1build2
  url: http://us.ports.ubuntu.com/ubuntu-ports/pool/main/libx/libxext/libxext6_1.3.4-1build2_arm64.deb
  hash: 1140abacd8d23cb83cc63fb9aebb15a201e2dddbf5ca79fd999c0cbd181d0088
- package: libxext6
  version: 2:1.3.4-1build2
  url: http://us.ports.ubuntu.com/ubuntu-ports/pool/main/libx/libxext/libxext6_1.3.4-1build2_armhf.deb
  hash: 88ad7c999c22eddd04e6b0a97e613bee6c32b9dbd0fdfab211a8bd1084670a45
- package: libxext6
  version: 2:1.3.4-1build2
  url: http://us.ports.ubuntu.com/ubuntu-ports/pool/main/libx/libxext/libxext6_1.3.4-1build2_riscv64.deb
  hash: 5758461b1b5dda17ed96f73165df6763b742a667984db809c28c3de9fd125aaf
- package: libxfixes-dev
  version: 1:6.0.0-2build1
  url: http://us.archive.ubuntu.com/ubuntu/pool/main/libx/libxfixes/libxfixes-dev_6.0.0-2build1_amd64.deb
  hash: 069723527566ef0fc12738f63b789110c211b85bf96c3dbe9a94d9e77f5c479b
- package: libxfixes-dev
  version: 1:6.0.0-2build1
  url: http://us.archive.ubuntu.com/ubuntu/pool/main/libx/libxfixes/libxfixes-dev_6.0.0-2build1_i386.deb
  hash: c4e002ead02339369acdb068335a98ac940cbde746f58d3cdbd2f4d7699dcbeb
- package: libxfixes-dev
  version: 1:6.0.0-2build1
  url: http://us.ports.ubuntu.com/ubuntu-ports/pool/main/libx/libxfixes/libxfixes-dev_6.0.0-2build1_arm64.deb
  hash: 48adc74f59a6fc6847168e74cc00450a8a5e60bc1992e412a3aa2d36b877ae6b
- package: libxfixes-dev
  version: 1:6.0.0-2build1
  url: http://us.ports.ubuntu.com/ubuntu-ports/pool/main/libx/libxfixes/libxfixes-dev_6.0.0-2build1_armhf.deb
  hash: 5a0fbaa7525b6eed0c2ffc425296a4cafbc65a42ad8f3909229bd27f73062229
- package: libxfixes-dev
  version: 1:6.0.0-2build1
  url: http://us.ports.ubuntu.com/ubuntu-ports/pool/main/libx/libxfixes/libxfixes-dev_6.0.0-2build1_riscv64.deb
  hash: ca81e0ef6c8502975cd1d2bb4cae9c183c3af547e531bd3fe9a6c48cb4fd4ae5
- package: libxfixes3
  version: 1:6.0.0-2build1
  url: http://us.archive.ubuntu.com/ubuntu/pool/main/libx/libxfixes/libxfixes3_6.0.0-2build1_amd64.deb
  hash: 0ee1015cccd063249e01c0cd0bf45f513c8ac9a1e5e485070c12e69192455e4a
- package: libxfixes3
  version: 1:6.0.0-2build1
  url: http://us.archive.ubuntu.com/ubuntu/pool/main/libx/libxfixes/libxfixes3_6.0.0-2build1_i386.deb
  hash: f52cc2ad39cb4da19e4ee873bc23aa8e45343af5b7148624d9712a97d97ed434
- package: libxfixes3
  version: 1:6.0.0-2build1
  url: http://us.ports.ubuntu.com/ubuntu-ports/pool/main/libx/libxfixes/libxfixes3_6.0.0-2build1_arm64.deb
  hash: 884fc6560c5a8bc91fb6b7d067f557d8088ccee86ad1974b6a57085ac121e8de
- package: libxfixes3
  version: 1:6.0.0-2build1
  url: http://us.ports.ubuntu.com/ubuntu-ports/pool/main/libx/libxfixes/libxfixes3_6.0.0-2build1_armhf.deb
  hash: 35d78ca24a0f5bb0e15cf3242a8f8a98621861cd2dd312a18fd04d54218c965b
- package: libxfixes3
  version: 1:6.0.0-2build1
  url: http://us.ports.ubuntu.com/ubuntu-ports/pool/main/libx/libxfixes/libxfixes3_6.0.0-2build1_riscv64.deb
  hash: 2fc35a82203d448f64bfb8f1e7005fc20b2a56b47c161a7c78ee3a61e3a97ef0
- package: libxi-dev
  version: 2:1.8.1-1build1
  url: http://us.archive.ubuntu.com/ubuntu/pool/main/libx/libxi/libxi-dev_1.8.1-1build1_amd64.deb
  hash: a1f0f0b4a8c1c43e5300871464080920859d3fa466ef46a584fec800fe890860
- package: libxi-dev
  version: 2:1.8.1-1build1
  url: http://us.archive.ubuntu.com/ubuntu/pool/main/libx/libxi/libxi-dev_1.8.1-1build1_i386.deb
  hash: bcb7eb3625f86550771737b6cf03cf8b66286273bc857cb8a6874eef1b6ba47d
- package: libxi-dev
  version: 2:1.8.1-1build1
  url: http://us.ports.ubuntu.com/ubuntu-ports/pool/main/libx/libxi/libxi-dev_1.8.1-1build1_arm64.deb
  hash: f7596e9d21f81ebef7149f07ca7014c0544fb732e234f5ce0ab19a6586a5b0c9
- package: libxi-dev
  version: 2:1.8.1-1build1
  url: http://us.ports.ubuntu.com/ubuntu-ports/pool/main/libx/libxi/libxi-dev_1.8.1-1build1_armhf.deb
  hash: fa7c0359b0c1f6773f76f7b882ecbbee7704ae7ee562b669413a97e3899a49f7
- package: libxi-dev
  version: 2:1.8.1-1build1
  url: http://us.ports.ubuntu.com/ubuntu-ports/pool/main/libx/libxi/libxi-dev_1.8.1-1build1_riscv64.deb
  hash: a60ce38bd6869ce1502958cd73f6dab2ed9817159d41461b6ccc92f139cb7068
- package: libxi6
  version: 2:1.8.1-1build1
  url: http://us.archive.ubuntu.com/ubuntu/pool/main/libx/libxi/libxi6_1.8.1-1build1_amd64.deb
  hash: 0ea7acb5e8a8ce4d6653b30e03a319bfe136db7bfb5ee7cad34c2aa1272ea8d9
- package: libxi6
  version: 2:1.8.1-1build1
  url: http://us.archive.ubuntu.com/ubuntu/pool/main/libx/libxi/libxi6_1.8.1-1build1_i386.deb
  hash: 359d108e611793d0afef283882f77ea7a522aff614d25f615f3526208cf7146d
- package: libxi6
  version: 2:1.8.1-1build1
  url: http://us.ports.ubuntu.com/ubuntu-ports/pool/main/libx/libxi/libxi6_1.8.1-1build1_arm64.deb
  hash: aeeb74a6ff6ea16312fd8eb1988b1ddf32afbb4503ab7121763530ee700058e3
- package: libxi6
  version: 2:1.8.1-1build1
  url: http://us.ports.ubuntu.com/ubuntu-ports/pool/main/libx/libxi/libxi6_1.8.1-1build1_armhf.deb
  hash: 48ed51c82bb98592f15c911bbd9d5124e0050682e15d043f3dea2015fff6aa70
- package: libxi6
  version: 2:1.8.1-1build1
  url: http://us.ports.ubuntu.com/ubuntu-ports/pool/main/libx/libxi/libxi6_1.8.1-1build1_riscv64.deb
  hash: 059dbe15ba6ab293d9b3c45430a1964288f1e5b0076dc180a33a2f10e45c0571
- package: libxinerama-dev
  version: 2:1.1.4-3build1
  url: http://us.archive.ubuntu.com/ubuntu/pool/main/libx/libxinerama/libxinerama-dev_1.1.4-3build1_amd64.deb
  hash: 13a73fa50f9c575a04f64c8fa3df590c9ad81f3227a12832fca5caf63c2304b3
- package: libxinerama-dev
  version: 2:1.1.4-3build1
  url: http://us.archive.ubuntu.com/ubuntu/pool/main/libx/libxinerama/libxinerama-dev_1.1.4-3build1_i386.deb
  hash: 32b677560199b7471d05c1d0aa0e7469cece4e63fc2f0e7db136fecfa3c618a5
- package: libxinerama-dev
  version: 2:1.1.4-3build1
  url: http://us.ports.ubuntu.com/ubuntu-ports/pool/main/libx/libxinerama/libxinerama-dev_1.1.4-3build1_arm64.deb
  hash: 41efb09e27827ac2b13c9abd35ae31872d987e1bb950512fa7a1f132f647c9ea
- package: libxinerama-dev
  version: 2:1.1.4-3build1
  url: http://us.ports.ubuntu.com/ubuntu-ports/pool/main/libx/libxinerama/libxinerama-dev_1.1.4-3build1_armhf.deb
  hash: d03df63569a1cd3032668150dd5e5784f30d3bb931192a60b3cba543905a94ab
- package: libxinerama-dev
  version: 2:1.1.4-3build1
  url: http://us.ports.ubuntu.com/ubuntu-ports/pool/main/libx/libxinerama/libxinerama-dev_1.1.4-3build1_riscv64.deb
  hash: f9498573b110116e003fcea39ea684df7479950b1fbea8bb2062d5fbab213ba9
- package: libxinerama1
  version: 2:1.1.4-3build1
  url: http://us.archive.ubuntu.com/ubuntu/pool/main/libx/libxinerama/libxinerama1_1.1.4-3build1_amd64.deb
  hash: c8c93a3efdbb06e314f41bf48af4ca3652e4a3826bab5b9e00887660e619f239
- package: libxinerama1
  version: 2:1.1.4-3build1
  url: http://us.archive.ubuntu.com/ubuntu/pool/main/libx/libxinerama/libxinerama1_1.1.4-3build1_i386.deb
  hash: 1e340e7cbf14d5527dddf88aee9abc4e0d735b5994a5369c41504126c3bba26b
- package: libxinerama1
  version: 2:1.1.4-3build1
  url: http://us.ports.ubuntu.com/ubuntu-ports/pool/main/libx/libxinerama/libxinerama1_1.1.4-3build1_arm64.deb
  hash: d93a71ccaced2ccac4efb25c23238ceee7b4fc352118f105a1265be7b55c638b
- package: libxinerama1
  version: 2:1.1.4-3build1
  url: http://us.ports.ubuntu.com/ubuntu-ports/pool/main/libx/libxinerama/libxinerama1_1.1.4-3build1_armhf.deb
  hash: 5aef318ff9ca3454dcc4c604d49d913a6874f391df4d462bbeb34d84465c60e9
- package: libxinerama1
  version: 2:1.1.4-3build1
  url: http://us.ports.ubuntu.com/ubuntu-ports/pool/main/libx/libxinerama/libxinerama1_1.1.4-3build1_riscv64.deb
  hash: 86f9ab909eed798ef00202d77fc7445a039904027c1583c4709743e7c1dac152
- package: libxrandr-dev
  version: 2:1.5.2-2build1
  url: http://us.archive.ubuntu.com/ubuntu/pool/main/libx/libxrandr/libxrandr-dev_1.5.2-2build1_amd64.deb
  hash: 8c0ee697a9052f36103529ebe4ace096da845e2b517f39d206302f3c7709ec6f
- package: libxrandr-dev
  version: 2:1.5.2-2build1
  url: http://us.archive.ubuntu.com/ubuntu/pool/main/libx/libxrandr/libxrandr-dev_1.5.2-2build1_i386.deb
  hash: 92c6c64b975ae24d276e673084c05a6b541b4f3961b06f5be3be692f1973238e
- package: libxrandr-dev
  version: 2:1.5.2-2build1
  url: http://us.ports.ubuntu.com/ubuntu-ports/pool/main/libx/libxrandr/libxrandr-dev_1.5.2-2build1_arm64.deb
  hash: 7f965ded4be71fee097bddcbb051e42ef425f5018b59888533457cc83923e554
- package: libxrandr-dev
  version: 2:1.5.2-2build1
  url: http://us.ports.ubuntu.com/ubuntu-ports/pool/main/libx/libxrandr/libxrandr-dev_1.5.2-2build1_armhf.deb
  hash: ceb4ca97d3881a4c5d559700e82850d6d5e34f92d11ed4e0c78a467e9aa1b9ca
- package: libxrandr-dev
  version: 2:1.5.2-2build1
  url: http://us.ports.ubuntu.com/ubuntu-ports/pool/main/libx/libxrandr/libxrandr-dev_1.5.2-2build1_riscv64.deb
  hash: 13f53c80e8ac308bafcc2b8f2505d2ab541a1af48bdec3eecaaf9008e90349dc
- package: libxrandr2
  version: 2:1.5.2-2build1
  url: http://us.archive.ubuntu.com/ubuntu/pool/main/libx/libxrandr/libxrandr2_1.5.2-2build1_amd64.deb
  hash: f2955a5e594f5724b58ad241d9231ea191cb36574a0d5e5ca6b661cd41d6256d
- package: libxrandr2
  version: 2:1.5.2-2build1
  url: http://us.archive.ubuntu.com/ubuntu/pool/main/libx/libxrandr/libxrandr2_1.5.2-2build1_i386.deb
  hash: 9a0eaeae2cd6c13414e50e4b327a4e1f8e91c6b0ca7f1bdd51349f7d69dc09db
- package: libxrandr2
  version: 2:1.5.2-2build1
  url: http://us.ports.ubuntu.com/ubuntu-ports/pool/main/libx/libxrandr/libxrandr2_1.5.2-2build1_arm64.deb
  hash: 7470632764f1fde987e760850c2be58973e265f41b2bb8015c415d247898d2c4
- package: libxrandr2
  version: 2:1.5.2-2build1
  url: http://us.ports.ubuntu.com/ubuntu-ports/pool/main/libx/libxrandr/libxrandr2_1.5.2-2build1_armhf.deb
  hash: 8136d738baf4a317899723450ee03b508ccce1ddb5bc47dfe052e5bdceedb66d
- package: libxrandr2
  version: 2:1.5.2-2build1
  url: http://us.ports.ubuntu.com/ubuntu-ports/pool/main/libx/libxrandr/libxrandr2_1.5.2-2build1_riscv64.deb
  hash: 7400f06ca896678f0bea26623861579e4f9802c50bd9127c4157d0f819dcc2ea
- package: libxrender-dev
  version: 1:0.9.10-1.1build1
  url: http://us.archive.ubuntu.com/ubuntu/pool/main/libx/libxrender/libxrender-dev_0.9.10-1.1build1_amd64.deb
  hash: 839558c9de049636e13e22e409c04f3226614abf176c4a3b7088058576d74848
- package: libxrender-dev
  version: 1:0.9.10-1.1build1
  url: http://us.archive.ubuntu.com/ubuntu/pool/main/libx/libxrender/libxrender-dev_0.9.10-1.1build1_i386.deb
  hash: 511493903f9d8082209fb4424a20aec6dd7fe63e19bdadc7147bb1fbe2128b97
- package: libxrender-dev
  version: 1:0.9.10-1.1build1
  url: http://us.ports.ubuntu.com/ubuntu-ports/pool/main/libx/libxrender/libxrender-dev_0.9.10-1.1build1_arm64.deb
  hash: 74a00e089f4d16c9de451dbf87a987cd0322ebef3ee89b2cf1f8c06bec5ebf2f
- package: libxrender-dev
  version: 1:0.9.10-1.1build1
  url: http://us.ports.ubuntu.com/ubuntu-ports/pool/main/libx/libxrender/libxrender-dev_0.9.10-1.1build1_armhf.deb
  hash: a0e4b3364f1ea91dfce8e7db7e51259dcd2bb391d45b9614a5268af71791aa6e
- package: libxrender-dev
  version: 1:0.9.10-1.1build1
  url: http://us.ports.ubuntu.com/ubuntu-ports/pool/main/libx/libxrender/libxrender-dev_0.9.10-1.1build1_riscv64.deb
  hash: e41e7904996c5f0f5bc35ba21e2f4dcf24ce87f45d0fef6a630e8534cd326812
- package: libxrender1
  version: 1:0.9.10-1.1build1
  url: http://us.archive.ubuntu.com/ubuntu/pool/main/libx/libxrender/libxrender1_0.9.10-1.1build1_amd64.deb
  hash: d70bd831aebe8d4834b5dd2ed98df26dd6bd27f1042c47543bd7f66df1ae22ea
- package: libxrender1
  version: 1:0.9.10-1.1build1
  url: http://us.archive.ubuntu.com/ubuntu/pool/main/libx/libxrender/libxrender1_0.9.10-1.1build1_i386.deb
  hash: b431bed1ce0c8371496dd7913352378341fe09867958a84434fe7840e6ac3ad6
- package: libxrender1
  version: 1:0.9.10-1.1build1
  url: http://us.ports.ubuntu.com/ubuntu-ports/pool/main/libx/libxrender/libxrender1_0.9.10-1.1build1_arm64.deb
  hash: 0a3aedab15d9b0d7a74b0b043676f0caacc104f188be16a008196dbc20e9e2e2
- package: libxrender1
  version: 1:0.9.10-1.1build1
  url: http://us.ports.ubuntu.com/ubuntu-ports/pool/main/libx/libxrender/libxrender1_0.9.10-1.1build1_armhf.deb
  hash: 913f463d14ca74283569a4622b033825f28cb387fa0be1b27470ca7dcd6aa045
- package: libxrender1
  version: 1:0.9.10-1.1build1
  url: http://us.ports.ubuntu.com/ubuntu-ports/pool/main/libx/libxrender/libxrender1_0.9.10-1.1build1_riscv64.deb
  hash: e5fcdc5d481c866ca412e682df6608a5256b7c54043dcc5d69a689baff5d9033
- package: libxss-dev
  version: 1:1.2.3-1build3
  url: http://us.archive.ubuntu.com/ubuntu/pool/main/libx/libxss/libxss-dev_1.2.3-1build3_amd64.deb
  hash: 8191b3708be90719bcd90b0be5f50cd8490409f87a6d4af2786c077d742229fd
- package: libxss-dev
  version: 1:1.2.3-1build3
  url: http://us.archive.ubuntu.com/ubuntu/pool/main/libx/libxss/libxss-dev_1.2.3-1build3_i386.deb
  hash: 764ae8ee66cb25526f7e0c99ad043bafdd7a0af1f0a900597d98dd115ed0bb9e
- package: libxss-dev
  version: 1:1.2.3-1build3
  url: http://us.ports.ubuntu.com/ubuntu-ports/pool/main/libx/libxss/libxss-dev_1.2.3-1build3_arm64.deb
  hash: a6c8eb18ffb110de1c942588aab20b3c2419320e62f2eb51ad2db4f2c96cd9b3
- package: libxss-dev
  version: 1:1.2.3-1build3
  url: http://us.ports.ubuntu.com/ubuntu-ports/pool/main/libx/libxss/libxss-dev_1.2.3-1build3_armhf.deb
  hash: 771ddac3e9d2e72a3ecb96e7303eb7fa1f5339ee918033790d939860e1be9cb2
- package: libxss-dev
  version: 1:1.2.3-1build3
  url: http://us.ports.ubuntu.com/ubuntu-ports/pool/main/libx/libxss/libxss-dev_1.2.3-1build3_riscv64.deb
  hash: 215abb29d598063eea9ced8d5118267b7030b159627b05159adcd319f6c7e85b
- package: libxss1
  version: 1:1.2.3-1build3
  url: http://us.archive.ubuntu.com/ubuntu/pool/main/libx/libxss/libxss1_1.2.3-1build3_amd64.deb
  hash: 0ac60a2cc034ccc4bf4e2f846f38110469d7ae43b47e808d67aafc538bc3695e
- package: libxss1
  version: 1:1.2.3-1build3
  url: http://us.archive.ubuntu.com/ubuntu/pool/main/libx/libxss/libxss1_1.2.3-1build3_i386.deb
  hash: c731a5f386ecd8d53afbcc447b41496ef3adc25262a47142b736a34e9ae355e1
- package: libxss1
  version: 1:1.2.3-1build3
  url: http://us.ports.ubuntu.com/ubuntu-ports/pool/main/libx/libxss/libxss1_1.2.3-1build3_arm64.deb
  hash: 8159cb3813e3706a3bac3bae1042da6caaa2b8e454e636738d00394160bd654d
- package: libxss1
  version: 1:1.2.3-1build3
  url: http://us.ports.ubuntu.com/ubuntu-ports/pool/main/libx/libxss/libxss1_1.2.3-1build3_armhf.deb
  hash: 632f86726954ce0ea521010472d0c7f4eb5863401b8e51a6c6b202a0377a4007
- package: libxss1
  version: 1:1.2.3-1build3
  url: http://us.ports.ubuntu.com/ubuntu-ports/pool/main/libx/libxss/libxss1_1.2.3-1build3_riscv64.deb
  hash: fde249bfa3e084f7625354680fe349609ef55537d757c0bcc95e63ed2ee60b48
- package: libxxf86vm-dev
  version: 1:1.1.4-1build4
  url: http://us.archive.ubuntu.com/ubuntu/pool/main/libx/libxxf86vm/libxxf86vm-dev_1.1.4-1build4_amd64.deb
  hash: 98587402f6928a2526a8fbae6bd8c7297ced187b3a34b4e461ffd3245910f1af
- package: libxxf86vm-dev
  version: 1:1.1.4-1build4
  url: http://us.archive.ubuntu.com/ubuntu/pool/main/libx/libxxf86vm/libxxf86vm-dev_1.1.4-1build4_i386.deb
  hash: 5409047cf63b8c58541276745e8d4fb381eb2ce273b2e3cf564254112af75c5b
- package: libxxf86vm-dev
  version: 1:1.1.4-1build4
  url: http://us.ports.ubuntu.com/ubuntu-ports/pool/main/libx/libxxf86vm/libxxf86vm-dev_1.1.4-1build4_arm64.deb
  hash: a92f36521640b4e8fd9b997cc93c2cc8ac8dbfcb7796b4257493391598b0e528
- package: libxxf86vm-dev
  version: 1:1.1.4-1build4
  url: http://us.ports.ubuntu.com/ubuntu-ports/pool/main/libx/libxxf86vm/libxxf86vm-dev_1.1.4-1build4_armhf.deb
  hash: 75286293529ed456d84249271a18e13502c13252989399a30cd6acf2e7daa532
- package: libxxf86vm-dev
  version: 1:1.1.4-1build4
  url: http://us.ports.ubuntu.com/ubuntu-ports/pool/main/libx/libxxf86vm/libxxf86vm-dev_1.1.4-1build4_riscv64.deb
  hash: d28190402b7204291bc65256fc942dd26e9bdfe57fbfb2cc1a95eeaf74e66364
- package: libxxf86vm1
  version: 1:1.1.4-1build4
  url: http://us.archive.ubuntu.com/ubuntu/pool/main/libx/libxxf86vm/libxxf86vm1_1.1.4-1build4_amd64.deb
  hash: 48b2799f52b86505d2bc91dcb1bfa6536545635b9849cb693d274d934116a8da
- package: libxxf86vm1
  version: 1:1.1.4-1build4
  url: http://us.archive.ubuntu.com/ubuntu/pool/main/libx/libxxf86vm/libxxf86vm1_1.1.4-1build4_i386.deb
  hash: 731be82eaf1f1871665f27bb3bf3c0dd2da7e9dfe4836aec8098eea8fb002b9a
- package: libxxf86vm1
  version: 1:1.1.4-1build4
  url: http://us.ports.ubuntu.com/ubuntu-ports/pool/main/libx/libxxf86vm/libxxf86vm1_1.1.4-1build4_arm64.deb
  hash: e3977d43433269eb5081cbc83a7fefb59f90cbc457902d8046a032a3e280e292
- package: libxxf86vm1
  version: 1:1.1.4-1build4
  url: http://us.ports.ubuntu.com/ubuntu-ports/pool/main/libx/libxxf86vm/libxxf86vm1_1.1.4-1build4_armhf.deb
  hash: 045094f3777106083d76541d5fbb59543691f4cce5df5b49e9000c6469102f1e
- package: libxxf86vm1
  version: 1:1.1.4-1build4
  url: http://us.ports.ubuntu.com/ubuntu-ports/pool/main/libx/libxxf86vm/libxxf86vm1_1.1.4-1build4_riscv64.deb
  hash: 4083aa62e9b95e2587a052312afcdaed8cacde3f9d60ba4083fb5d1edcde9e62
- package: linux-libc-dev
  version: 6.8.0-36.36
  url: http://us.archive.ubuntu.com/ubuntu/pool/main/l/linux/linux-libc-dev_6.8.0-36.36_amd64.deb
  hash: d6a0e290ca34a8827f44767cf91bc270126524ee42d20fc8d61cfb90f692538b
- package: linux-libc-dev
  version: 6.8.0-36.36
  url: http://us.archive.ubuntu.com/ubuntu/pool/main/l/linux/linux-libc-dev_6.8.0-36.36_i386.deb
  hash: 16fdcb7b53980334b1a17a2fc62c22d00b343e2a9cd9a9c0c2f8f2cc0af73c88
- package: linux-libc-dev
  version: 6.8.0-36.36
  url: http://us.ports.ubuntu.com/ubuntu-ports/pool/main/l/linux/linux-libc-dev_6.8.0-36.36_arm64.deb
  hash: 69d9313c49a866bf334386e6f22b3cbbe7c7c4028417d329208e1f21a95006d4
- package: linux-libc-dev
  version: 6.8.0-36.36
  url: http://us.ports.ubuntu.com/ubuntu-ports/pool/main/l/linux/linux-libc-dev_6.8.0-36.36_armhf.deb
  hash: 0f13f2126fe5bcc3f87fc9fedd4eabd9123b0549b4f4bc145bd0691c332289f6
- package: linux-libc-dev
  version: 6.8.0-36.36
  url: http://us.ports.ubuntu.com/ubuntu-ports/pool/main/l/linux/linux-libc-dev_6.8.0-36.36_riscv64.deb
  hash: 8bc3d120e59d707c9adc536cde40f2c933c989c45b1fabc205f37830f9b26b0e
- package: mesa-common-dev
  version: 24.0.5-1ubuntu1
  url: http://us.archive.ubuntu.com/ubuntu/pool/main/m/mesa/mesa-common-dev_24.0.5-1ubuntu1_amd64.deb
  hash: 020dbcffdf71deccb89e8d1df55bbc0ca0128c86da4cad808878b45a88442a76
- package: mesa-common-dev
  version: 24.0.5-1ubuntu1
  url: http://us.archive.ubuntu.com/ubuntu/pool/main/m/mesa/mesa-common-dev_24.0.5-1ubuntu1_i386.deb
  hash: 68e5bd5c10c0b3781330b5d027d6bdcbc99c2b74806a04f72f9c8fc462983b71
- package: mesa-common-dev
  version: 24.0.5-1ubuntu1
  url: http://us.ports.ubuntu.com/ubuntu-ports/pool/main/m/mesa/mesa-common-dev_24.0.5-1ubuntu1_arm64.deb
  hash: 919883c7ad863f65253c02efcee47d0ee6dd96da95ccf7311c5e81b8033d1513
- package: mesa-common-dev
  version: 24.0.5-1ubuntu1
  url: http://us.ports.ubuntu.com/ubuntu-ports/pool/main/m/mesa/mesa-common-dev_24.0.5-1ubuntu1_armhf.deb
  hash: 5468233afe86100b865450366cbe6929958e5779d740fda124863184547fd8a6
- package: mesa-common-dev
  version: 24.0.5-1ubuntu1
  url: http://us.ports.ubuntu.com/ubuntu-ports/pool/main/m/mesa/mesa-common-dev_24.0.5-1ubuntu1_riscv64.deb
  hash: c9daec47f98f31329a841054f1eb5e9ebbbd87b3e5be6d38c427e7a7bad47a0d
- package: x11proto-core-dev
  version: 2023.2-1
  url: http://us.archive.ubuntu.com/ubuntu/pool/main/x/xorgproto/x11proto-core-dev_2023.2-1_all.deb
  hash: d7c8cbeb485a45ca6e5486b46df7a5ead737440954ae4489866222101ac2f0d7
- package: x11proto-gl-dev
  version: 2023.2-1
  url: http://us.archive.ubuntu.com/ubuntu/pool/main/x/xorgproto/x11proto-gl-dev_2023.2-1_all.deb
  hash: 366b4cbe4fafa03f1188c09ce5bd3ebefb928d0fa85f599b8b8f389586cd08d4
- package: x11proto-input-dev
  version: 2023.2-1
  url: http://us.archive.ubuntu.com/ubuntu/pool/main/x/xorgproto/x11proto-input-dev_2023.2-1_all.deb
  hash: 582342d581c06f24f2a640d01e3cc2fc4feb73e9f51b426c36fba54b238f094a
- package: x11proto-kb-dev
  version: 2023.2-1
  url: http://us.archive.ubuntu.com/ubuntu/pool/main/x/xorgproto/x11proto-kb-dev_2023.2-1_all.deb
  hash: 4f13b398e0f3b46fe5ef6687b99dcd2b00f8f9f94a4c382a7bdd529d72c9792b
- package: x11proto-randr-dev
  version: 2023.2-1
  url: http://us.archive.ubuntu.com/ubuntu/pool/main/x/xorgproto/x11proto-randr-dev_2023.2-1_all.deb
  hash: f00f28c40d9276d9312529989182c97014db5b8905deb64dc14a2eb8b06f5c02
- package: x11proto-render-dev
  version: 2:2023.2-1
  url: http://us.archive.ubuntu.com/ubuntu/pool/main/x/xorgproto/x11proto-render-dev_2023.2-1_all.deb
  hash: 605ebe525c88c0d6947f39d2bc3876f2ac39b72550f757237cfc4e1215526ae1
- package: x11proto-scrnsaver-dev
  version: 2023.2-1
  url: http://us.archive.ubuntu.com/ubuntu/pool/main/x/xorgproto/x11proto-scrnsaver-dev_2023.2-1_all.deb
  hash: f1c5cb502be040995741faddcbc569fdd4ae2ef91cb794cfa8fd64fdb757c44c
- package: x11proto-xext-dev
  version: 2023.2-1
  url: http://us.archive.ubuntu.com/ubuntu/pool/main/x/xorgproto/x11proto-xext-dev_2023.2-1_all.deb
  hash: 310eda2ca21080a074dd324cc0702db08cae4e07864c38d8e03017c31d6532bb
