# This file is automatically @generated by Cargo.
# It is not intended for manual editing.
version = 4

[[package]]
name = "defines_specific_license"
version = "1.0.1"

[[package]]
name = "license_collection_types"
version = "1.0.0"
dependencies = [
 "defines_specific_license",
 "scan_for_licenses",
 "uses_fuchsia_license",
]

[[package]]
name = "scan_for_licenses"
version = "1.0.1"

[[package]]
name = "uses_fuchsia_license"
version = "1.0.1"
